
Microsoft Visual Studio Solution File, Format Version 12.00
# Visual Studio Version 16
VisualStudioVersion = 16.0.28803.352
MinimumVisualStudioVersion = 10.0.40219.1
Project("{FAE04EC0-301F-11D3-BF4B-00C04F79EFBC}") = "onbordingtask", "onbordingtask\onbordingtask.csproj", "{6C4222E7-BE15-48C3-8FA3-E2B9EA5212F4}"
EndProject
Global
	GlobalSection(SolutionConfigurationPlatforms) = preSolution
		Debug|Any CPU = Debug|Any CPU
		Release|Any CPU = Release|Any CPU
	EndGlobalSection
	GlobalSection(ProjectConfigurationPlatforms) = postSolution
		{6C4222E7-BE15-48C3-8FA3-E2B9EA5212F4}.Debug|Any CPU.ActiveCfg = Debug|Any CPU
		{6C4222E7-BE15-48C3-8FA3-E2B9EA5212F4}.Debug|Any CPU.Build.0 = Debug|Any CPU
		{6C4222E7-BE15-48C3-8FA3-E2B9EA5212F4}.Release|Any CPU.ActiveCfg = Release|Any CPU
		{6C4222E7-BE15-48C3-8FA3-E2B9EA5212F4}.Release|Any CPU.Build.0 = Release|Any CPU
	EndGlobalSection
	GlobalSection(SolutionProperties) = preSolution
		HideSolutionNode = FALSE
	EndGlobalSection
	GlobalSection(ExtensibilityGlobals) = postSolution
		SolutionGuid = {3DF3CA55-0667-459A-A8B6-34A83B5DBDBC}
	EndGlobalSection
EndGlobal
